
Microsoft Visual Studio Solution File, Format Version 12.00
# Visual Studio Version 17
VisualStudioVersion = 17.5.002.0
MinimumVisualStudioVersion = 10.0.40219.1
Project("{9A19103F-16F7-4668-BE54-9A1E7A4F7556}") = "BitsAndBlocks", "BitsAndBlocks.csproj", "{154FF52D-3DD2-4775-A432-0183C1BA9B32}"
EndProject
Global
	GlobalSection(SolutionConfigurationPlatforms) = preSolution
		Debug|Any CPU = Debug|Any CPU
		Release|Any CPU = Release|Any CPU
	EndGlobalSection
	GlobalSection(ProjectConfigurationPlatforms) = postSolution
		{154FF52D-3DD2-4775-A432-0183C1BA9B32}.Debug|Any CPU.ActiveCfg = Debug|Any CPU
		{154FF52D-3DD2-4775-A432-0183C1BA9B32}.Debug|Any CPU.Build.0 = Debug|Any CPU
		{154FF52D-3DD2-4775-A432-0183C1BA9B32}.Release|Any CPU.ActiveCfg = Release|Any CPU
		{154FF52D-3DD2-4775-A432-0183C1BA9B32}.Release|Any CPU.Build.0 = Release|Any CPU
	EndGlobalSection
	GlobalSection(SolutionProperties) = preSolution
		HideSolutionNode = FALSE
	EndGlobalSection
	GlobalSection(ExtensibilityGlobals) = postSolution
		SolutionGuid = {FE9D87D7-C6BF-4E40-95C1-C63913FA9C5F}
	EndGlobalSection
EndGlobal
